
Microsoft Visual Studio Solution File, Format Version 12.00
# Visual Studio Version 16
VisualStudioVersion = 16.0.31410.357
MinimumVisualStudioVersion = 10.0.40219.1
Project("{FAE04EC0-301F-11D3-BF4B-00C04F79EFBC}") = "ShctangenNetwork", "ShctangenNetwork\ShctangenNetwork.csproj", "{EBE4D4B8-EEBB-4C88-A716-DF4C0A22F9B1}"
EndProject
Global
	GlobalSection(SolutionConfigurationPlatforms) = preSolution
		Debug|Any CPU = Debug|Any CPU
		Release|Any CPU = Release|Any CPU
	EndGlobalSection
	GlobalSection(ProjectConfigurationPlatforms) = postSolution
		{EBE4D4B8-EEBB-4C88-A716-DF4C0A22F9B1}.Debug|Any CPU.ActiveCfg = Debug|Any CPU
		{EBE4D4B8-EEBB-4C88-A716-DF4C0A22F9B1}.Debug|Any CPU.Build.0 = Debug|Any CPU
		{EBE4D4B8-EEBB-4C88-A716-DF4C0A22F9B1}.Release|Any CPU.ActiveCfg = Release|Any CPU
		{EBE4D4B8-EEBB-4C88-A716-DF4C0A22F9B1}.Release|Any CPU.Build.0 = Release|Any CPU
	EndGlobalSection
	GlobalSection(SolutionProperties) = preSolution
		HideSolutionNode = FALSE
	EndGlobalSection
	GlobalSection(ExtensibilityGlobals) = postSolution
		SolutionGuid = {BDC8D23F-E5D3-4A95-BBC1-7E9BD88B249A}
	EndGlobalSection
EndGlobal
